
Microsoft Visual Studio Solution File, Format Version 12.00
# Visual Studio Version 17
VisualStudioVersion = 17.0.32126.317
MinimumVisualStudioVersion = 10.0.40219.1
Project("{FAE04EC0-301F-11D3-BF4B-00C04F79EFBC}") = "Question01", "Question01\Question01.csproj", "{226C4EA3-65EF-435E-92AB-609396DAA952}"
EndProject
Project("{FAE04EC0-301F-11D3-BF4B-00C04F79EFBC}") = "Question02", "Question02\Question02.csproj", "{30C70159-1233-469F-BA17-C231D610D37F}"
EndProject
Project("{FAE04EC0-301F-11D3-BF4B-00C04F79EFBC}") = "Question03", "Question03\Question03.csproj", "{CEFB1085-D696-4167-9D49-6004CBE06464}"
EndProject
Project("{FAE04EC0-301F-11D3-BF4B-00C04F79EFBC}") = "Question04", "Question04\Question04.csproj", "{4A468F78-0094-441C-B71D-0ABEC4D5835C}"
EndProject
Global
	GlobalSection(SolutionConfigurationPlatforms) = preSolution
		Debug|Any CPU = Debug|Any CPU
		Release|Any CPU = Release|Any CPU
	EndGlobalSection
	GlobalSection(ProjectConfigurationPlatforms) = postSolution
		{226C4EA3-65EF-435E-92AB-609396DAA952}.Debug|Any CPU.ActiveCfg = Debug|Any CPU
		{226C4EA3-65EF-435E-92AB-609396DAA952}.Debug|Any CPU.Build.0 = Debug|Any CPU
		{226C4EA3-65EF-435E-92AB-609396DAA952}.Release|Any CPU.ActiveCfg = Release|Any CPU
		{226C4EA3-65EF-435E-92AB-609396DAA952}.Release|Any CPU.Build.0 = Release|Any CPU
		{30C70159-1233-469F-BA17-C231D610D37F}.Debug|Any CPU.ActiveCfg = Debug|Any CPU
		{30C70159-1233-469F-BA17-C231D610D37F}.Debug|Any CPU.Build.0 = Debug|Any CPU
		{30C70159-1233-469F-BA17-C231D610D37F}.Release|Any CPU.ActiveCfg = Release|Any CPU
		{30C70159-1233-469F-BA17-C231D610D37F}.Release|Any CPU.Build.0 = Release|Any CPU
		{CEFB1085-D696-4167-9D49-6004CBE06464}.Debug|Any CPU.ActiveCfg = Debug|Any CPU
		{CEFB1085-D696-4167-9D49-6004CBE06464}.Debug|Any CPU.Build.0 = Debug|Any CPU
		{CEFB1085-D696-4167-9D49-6004CBE06464}.Release|Any CPU.ActiveCfg = Release|Any CPU
		{CEFB1085-D696-4167-9D49-6004CBE06464}.Release|Any CPU.Build.0 = Release|Any CPU
		{4A468F78-0094-441C-B71D-0ABEC4D5835C}.Debug|Any CPU.ActiveCfg = Debug|Any CPU
		{4A468F78-0094-441C-B71D-0ABEC4D5835C}.Debug|Any CPU.Build.0 = Debug|Any CPU
		{4A468F78-0094-441C-B71D-0ABEC4D5835C}.Release|Any CPU.ActiveCfg = Release|Any CPU
		{4A468F78-0094-441C-B71D-0ABEC4D5835C}.Release|Any CPU.Build.0 = Release|Any CPU
	EndGlobalSection
	GlobalSection(SolutionProperties) = preSolution
		HideSolutionNode = FALSE
	EndGlobalSection
	GlobalSection(ExtensibilityGlobals) = postSolution
		SolutionGuid = {103D7CC7-4337-4E64-8F4A-E2B91EF098C0}
	EndGlobalSection
EndGlobal
