
Microsoft Visual Studio Solution File, Format Version 12.00
# Visual Studio Version 17
VisualStudioVersion = 17.0.32126.317
MinimumVisualStudioVersion = 10.0.40219.1
Project("{FAE04EC0-301F-11D3-BF4B-00C04F79EFBC}") = "LoopCall", "LoopCall\LoopCall.csproj", "{8666421A-378B-4730-B53C-D8C87B0A4F9A}"
EndProject
Global
	GlobalSection(SolutionConfigurationPlatforms) = preSolution
		Debug|Any CPU = Debug|Any CPU
		Release|Any CPU = Release|Any CPU
	EndGlobalSection
	GlobalSection(ProjectConfigurationPlatforms) = postSolution
		{8666421A-378B-4730-B53C-D8C87B0A4F9A}.Debug|Any CPU.ActiveCfg = Debug|Any CPU
		{8666421A-378B-4730-B53C-D8C87B0A4F9A}.Debug|Any CPU.Build.0 = Debug|Any CPU
		{8666421A-378B-4730-B53C-D8C87B0A4F9A}.Release|Any CPU.ActiveCfg = Release|Any CPU
		{8666421A-378B-4730-B53C-D8C87B0A4F9A}.Release|Any CPU.Build.0 = Release|Any CPU
	EndGlobalSection
	GlobalSection(SolutionProperties) = preSolution
		HideSolutionNode = FALSE
	EndGlobalSection
	GlobalSection(ExtensibilityGlobals) = postSolution
		SolutionGuid = {6A75CB1D-AC76-4C5C-8D46-7C17D4F09D0C}
	EndGlobalSection
EndGlobal
