
Microsoft Visual Studio Solution File, Format Version 12.00
# Visual Studio Version 17
VisualStudioVersion = 17.0.32126.317
MinimumVisualStudioVersion = 10.0.40219.1
Project("{FAE04EC0-301F-11D3-BF4B-00C04F79EFBC}") = "CupConverter", "CupConverter\CupConverter.csproj", "{A747E985-90F4-4187-A22F-1600DF8EA3E5}"
EndProject
Global
	GlobalSection(SolutionConfigurationPlatforms) = preSolution
		Debug|Any CPU = Debug|Any CPU
		Release|Any CPU = Release|Any CPU
	EndGlobalSection
	GlobalSection(ProjectConfigurationPlatforms) = postSolution
		{A747E985-90F4-4187-A22F-1600DF8EA3E5}.Debug|Any CPU.ActiveCfg = Debug|Any CPU
		{A747E985-90F4-4187-A22F-1600DF8EA3E5}.Debug|Any CPU.Build.0 = Debug|Any CPU
		{A747E985-90F4-4187-A22F-1600DF8EA3E5}.Release|Any CPU.ActiveCfg = Release|Any CPU
		{A747E985-90F4-4187-A22F-1600DF8EA3E5}.Release|Any CPU.Build.0 = Release|Any CPU
	EndGlobalSection
	GlobalSection(SolutionProperties) = preSolution
		HideSolutionNode = FALSE
	EndGlobalSection
	GlobalSection(ExtensibilityGlobals) = postSolution
		SolutionGuid = {BB730854-D61D-428A-999C-4FC3EDEDA92B}
	EndGlobalSection
EndGlobal
