
Microsoft Visual Studio Solution File, Format Version 12.00
# Visual Studio Version 17
VisualStudioVersion = 17.0.32112.339
MinimumVisualStudioVersion = 10.0.40219.1
Project("{FAE04EC0-301F-11D3-BF4B-00C04F79EFBC}") = "TryParseDemo", "TryParseDemo\TryParseDemo.csproj", "{062F3DA3-26CB-45BA-9C72-658E692B0B0D}"
EndProject
Global
	GlobalSection(SolutionConfigurationPlatforms) = preSolution
		Debug|Any CPU = Debug|Any CPU
		Release|Any CPU = Release|Any CPU
	EndGlobalSection
	GlobalSection(ProjectConfigurationPlatforms) = postSolution
		{062F3DA3-26CB-45BA-9C72-658E692B0B0D}.Debug|Any CPU.ActiveCfg = Debug|Any CPU
		{062F3DA3-26CB-45BA-9C72-658E692B0B0D}.Debug|Any CPU.Build.0 = Debug|Any CPU
		{062F3DA3-26CB-45BA-9C72-658E692B0B0D}.Release|Any CPU.ActiveCfg = Release|Any CPU
		{062F3DA3-26CB-45BA-9C72-658E692B0B0D}.Release|Any CPU.Build.0 = Release|Any CPU
	EndGlobalSection
	GlobalSection(SolutionProperties) = preSolution
		HideSolutionNode = FALSE
	EndGlobalSection
	GlobalSection(ExtensibilityGlobals) = postSolution
		SolutionGuid = {56A99D52-86F8-48E9-9D0C-90C1AF5D5313}
	EndGlobalSection
EndGlobal
